
Microsoft Visual Studio Solution File, Format Version 12.00
# Visual Studio 15
VisualStudioVersion = 15.0.28010.2041
MinimumVisualStudioVersion = 10.0.40219.1
Project("{FAE04EC0-301F-11D3-BF4B-00C04F79EFBC}") = "NLoggerTest", "NLoggerTest\NLoggerTest.csproj", "{0B8ECFDF-D010-4868-84BE-6ADC52E3948E}"
EndProject
Global
	GlobalSection(SolutionConfigurationPlatforms) = preSolution
		Debug|Any CPU = Debug|Any CPU
		Release|Any CPU = Release|Any CPU
	EndGlobalSection
	GlobalSection(ProjectConfigurationPlatforms) = postSolution
		{0B8ECFDF-D010-4868-84BE-6ADC52E3948E}.Debug|Any CPU.ActiveCfg = Debug|Any CPU
		{0B8ECFDF-D010-4868-84BE-6ADC52E3948E}.Debug|Any CPU.Build.0 = Debug|Any CPU
		{0B8ECFDF-D010-4868-84BE-6ADC52E3948E}.Release|Any CPU.ActiveCfg = Release|Any CPU
		{0B8ECFDF-D010-4868-84BE-6ADC52E3948E}.Release|Any CPU.Build.0 = Release|Any CPU
	EndGlobalSection
	GlobalSection(SolutionProperties) = preSolution
		HideSolutionNode = FALSE
	EndGlobalSection
	GlobalSection(ExtensibilityGlobals) = postSolution
		SolutionGuid = {1D2BDBE4-BC29-4E8E-AFD6-A0C73810CCC9}
	EndGlobalSection
EndGlobal
